
Microsoft Visual Studio Solution File, Format Version 12.00
# Visual Studio 15
VisualStudioVersion = 15.0.28307.757
MinimumVisualStudioVersion = 10.0.40219.1
Project("{9A19103F-16F7-4668-BE54-9A1E7A4F7556}") = "AccountOwnerServer", "AccountOwnerServer\AccountOwnerServer.csproj", "{1F7154CE-D524-4A3A-B295-6EBDCB80AF15}"
EndProject
Project("{9A19103F-16F7-4668-BE54-9A1E7A4F7556}") = "Contracts", "Contracts\Contracts.csproj", "{39A03178-6145-4BBF-9E00-EE12A9978C27}"
EndProject
Project("{9A19103F-16F7-4668-BE54-9A1E7A4F7556}") = "LoggerService", "LoggerService\LoggerService.csproj", "{B3CC750F-CF2F-487D-9645-ED6BD8BF1413}"
EndProject
Project("{FAE04EC0-301F-11D3-BF4B-00C04F79EFBC}") = "Entities", "Entities\Entities.csproj", "{62E629A3-3A8D-4CB4-A698-CAFA1F0D8585}"
EndProject
Project("{FAE04EC0-301F-11D3-BF4B-00C04F79EFBC}") = "Repository", "Repository\Repository.csproj", "{96B3DAC7-EF48-48A1-AE47-AFD8E01C29C0}"
EndProject
Global
	GlobalSection(SolutionConfigurationPlatforms) = preSolution
		Debug|Any CPU = Debug|Any CPU
		Release|Any CPU = Release|Any CPU
	EndGlobalSection
	GlobalSection(ProjectConfigurationPlatforms) = postSolution
		{1F7154CE-D524-4A3A-B295-6EBDCB80AF15}.Debug|Any CPU.ActiveCfg = Debug|Any CPU
		{1F7154CE-D524-4A3A-B295-6EBDCB80AF15}.Debug|Any CPU.Build.0 = Debug|Any CPU
		{1F7154CE-D524-4A3A-B295-6EBDCB80AF15}.Release|Any CPU.ActiveCfg = Release|Any CPU
		{1F7154CE-D524-4A3A-B295-6EBDCB80AF15}.Release|Any CPU.Build.0 = Release|Any CPU
		{39A03178-6145-4BBF-9E00-EE12A9978C27}.Debug|Any CPU.ActiveCfg = Debug|Any CPU
		{39A03178-6145-4BBF-9E00-EE12A9978C27}.Debug|Any CPU.Build.0 = Debug|Any CPU
		{39A03178-6145-4BBF-9E00-EE12A9978C27}.Release|Any CPU.ActiveCfg = Release|Any CPU
		{39A03178-6145-4BBF-9E00-EE12A9978C27}.Release|Any CPU.Build.0 = Release|Any CPU
		{B3CC750F-CF2F-487D-9645-ED6BD8BF1413}.Debug|Any CPU.ActiveCfg = Debug|Any CPU
		{B3CC750F-CF2F-487D-9645-ED6BD8BF1413}.Debug|Any CPU.Build.0 = Debug|Any CPU
		{B3CC750F-CF2F-487D-9645-ED6BD8BF1413}.Release|Any CPU.ActiveCfg = Release|Any CPU
		{B3CC750F-CF2F-487D-9645-ED6BD8BF1413}.Release|Any CPU.Build.0 = Release|Any CPU
		{62E629A3-3A8D-4CB4-A698-CAFA1F0D8585}.Debug|Any CPU.ActiveCfg = Debug|Any CPU
		{62E629A3-3A8D-4CB4-A698-CAFA1F0D8585}.Debug|Any CPU.Build.0 = Debug|Any CPU
		{62E629A3-3A8D-4CB4-A698-CAFA1F0D8585}.Release|Any CPU.ActiveCfg = Release|Any CPU
		{62E629A3-3A8D-4CB4-A698-CAFA1F0D8585}.Release|Any CPU.Build.0 = Release|Any CPU
		{96B3DAC7-EF48-48A1-AE47-AFD8E01C29C0}.Debug|Any CPU.ActiveCfg = Debug|Any CPU
		{96B3DAC7-EF48-48A1-AE47-AFD8E01C29C0}.Debug|Any CPU.Build.0 = Debug|Any CPU
		{96B3DAC7-EF48-48A1-AE47-AFD8E01C29C0}.Release|Any CPU.ActiveCfg = Release|Any CPU
		{96B3DAC7-EF48-48A1-AE47-AFD8E01C29C0}.Release|Any CPU.Build.0 = Release|Any CPU
	EndGlobalSection
	GlobalSection(SolutionProperties) = preSolution
		HideSolutionNode = FALSE
	EndGlobalSection
	GlobalSection(ExtensibilityGlobals) = postSolution
		SolutionGuid = {C6E4E25E-B912-4FE8-ABF2-400748B78FA5}
	EndGlobalSection
EndGlobal
